
Microsoft Visual Studio Solution File, Format Version 12.00
# Visual Studio Version 16
VisualStudioVersion = 16.0.30611.23
MinimumVisualStudioVersion = 10.0.40219.1
Project("{FAE04EC0-301F-11D3-BF4B-00C04F79EFBC}") = "PickupSports.Android", "PickupSports.Android\PickupSports.Android.csproj", "{F8D72847-869E-4817-AFD0-8486EB3D0413}"
EndProject
Project("{FAE04EC0-301F-11D3-BF4B-00C04F79EFBC}") = "PickupSports.iOS", "PickupSports.iOS\PickupSports.iOS.csproj", "{6BDCFC2D-89E9-446B-AEA6-AC98B041F3FF}"
EndProject
Project("{FAE04EC0-301F-11D3-BF4B-00C04F79EFBC}") = "PickupSports", "PickupSports\PickupSports.csproj", "{93E4F8D1-635A-412A-9B36-A27BEDCC77A2}"
EndProject
Global
	GlobalSection(SolutionConfigurationPlatforms) = preSolution
		Debug|Any CPU = Debug|Any CPU
		Debug|iPhone = Debug|iPhone
		Debug|iPhoneSimulator = Debug|iPhoneSimulator
		Release|Any CPU = Release|Any CPU
		Release|iPhone = Release|iPhone
		Release|iPhoneSimulator = Release|iPhoneSimulator
	EndGlobalSection
	GlobalSection(ProjectConfigurationPlatforms) = postSolution
		{F8D72847-869E-4817-AFD0-8486EB3D0413}.Debug|Any CPU.ActiveCfg = Debug|Any CPU
		{F8D72847-869E-4817-AFD0-8486EB3D0413}.Debug|Any CPU.Build.0 = Debug|Any CPU
		{F8D72847-869E-4817-AFD0-8486EB3D0413}.Debug|Any CPU.Deploy.0 = Debug|Any CPU
		{F8D72847-869E-4817-AFD0-8486EB3D0413}.Debug|iPhone.ActiveCfg = Debug|Any CPU
		{F8D72847-869E-4817-AFD0-8486EB3D0413}.Debug|iPhone.Build.0 = Debug|Any CPU
		{F8D72847-869E-4817-AFD0-8486EB3D0413}.Debug|iPhone.Deploy.0 = Debug|Any CPU
		{F8D72847-869E-4817-AFD0-8486EB3D0413}.Debug|iPhoneSimulator.ActiveCfg = Debug|Any CPU
		{F8D72847-869E-4817-AFD0-8486EB3D0413}.Debug|iPhoneSimulator.Build.0 = Debug|Any CPU
		{F8D72847-869E-4817-AFD0-8486EB3D0413}.Debug|iPhoneSimulator.Deploy.0 = Debug|Any CPU
		{F8D72847-869E-4817-AFD0-8486EB3D0413}.Release|Any CPU.ActiveCfg = Release|Any CPU
		{F8D72847-869E-4817-AFD0-8486EB3D0413}.Release|Any CPU.Build.0 = Release|Any CPU
		{F8D72847-869E-4817-AFD0-8486EB3D0413}.Release|Any CPU.Deploy.0 = Release|Any CPU
		{F8D72847-869E-4817-AFD0-8486EB3D0413}.Release|iPhone.ActiveCfg = Release|Any CPU
		{F8D72847-869E-4817-AFD0-8486EB3D0413}.Release|iPhone.Build.0 = Release|Any CPU
		{F8D72847-869E-4817-AFD0-8486EB3D0413}.Release|iPhone.Deploy.0 = Release|Any CPU
		{F8D72847-869E-4817-AFD0-8486EB3D0413}.Release|iPhoneSimulator.ActiveCfg = Release|Any CPU
		{F8D72847-869E-4817-AFD0-8486EB3D0413}.Release|iPhoneSimulator.Build.0 = Release|Any CPU
		{F8D72847-869E-4817-AFD0-8486EB3D0413}.Release|iPhoneSimulator.Deploy.0 = Release|Any CPU
		{6BDCFC2D-89E9-446B-AEA6-AC98B041F3FF}.Debug|Any CPU.ActiveCfg = Debug|iPhone
		{6BDCFC2D-89E9-446B-AEA6-AC98B041F3FF}.Debug|Any CPU.Build.0 = Debug|iPhone
		{6BDCFC2D-89E9-446B-AEA6-AC98B041F3FF}.Debug|Any CPU.Deploy.0 = Debug|iPhone
		{6BDCFC2D-89E9-446B-AEA6-AC98B041F3FF}.Debug|iPhone.ActiveCfg = Debug|iPhone
		{6BDCFC2D-89E9-446B-AEA6-AC98B041F3FF}.Debug|iPhone.Build.0 = Debug|iPhone
		{6BDCFC2D-89E9-446B-AEA6-AC98B041F3FF}.Debug|iPhone.Deploy.0 = Debug|iPhone
		{6BDCFC2D-89E9-446B-AEA6-AC98B041F3FF}.Debug|iPhoneSimulator.ActiveCfg = Debug|iPhoneSimulator
		{6BDCFC2D-89E9-446B-AEA6-AC98B041F3FF}.Debug|iPhoneSimulator.Build.0 = Debug|iPhoneSimulator
		{6BDCFC2D-89E9-446B-AEA6-AC98B041F3FF}.Debug|iPhoneSimulator.Deploy.0 = Debug|iPhoneSimulator
		{6BDCFC2D-89E9-446B-AEA6-AC98B041F3FF}.Release|Any CPU.ActiveCfg = Release|iPhoneSimulator
		{6BDCFC2D-89E9-446B-AEA6-AC98B041F3FF}.Release|Any CPU.Build.0 = Release|iPhoneSimulator
		{6BDCFC2D-89E9-446B-AEA6-AC98B041F3FF}.Release|Any CPU.Deploy.0 = Release|iPhoneSimulator
		{6BDCFC2D-89E9-446B-AEA6-AC98B041F3FF}.Release|iPhone.ActiveCfg = Release|iPhone
		{6BDCFC2D-89E9-446B-AEA6-AC98B041F3FF}.Release|iPhone.Build.0 = Release|iPhone
		{6BDCFC2D-89E9-446B-AEA6-AC98B041F3FF}.Release|iPhone.Deploy.0 = Release|iPhone
		{6BDCFC2D-89E9-446B-AEA6-AC98B041F3FF}.Release|iPhoneSimulator.ActiveCfg = Release|iPhoneSimulator
		{6BDCFC2D-89E9-446B-AEA6-AC98B041F3FF}.Release|iPhoneSimulator.Build.0 = Release|iPhoneSimulator
		{6BDCFC2D-89E9-446B-AEA6-AC98B041F3FF}.Release|iPhoneSimulator.Deploy.0 = Release|iPhoneSimulator
		{93E4F8D1-635A-412A-9B36-A27BEDCC77A2}.Debug|Any CPU.ActiveCfg = Debug|Any CPU
		{93E4F8D1-635A-412A-9B36-A27BEDCC77A2}.Debug|Any CPU.Build.0 = Debug|Any CPU
		{93E4F8D1-635A-412A-9B36-A27BEDCC77A2}.Debug|Any CPU.Deploy.0 = Debug|Any CPU
		{93E4F8D1-635A-412A-9B36-A27BEDCC77A2}.Debug|iPhone.ActiveCfg = Debug|Any CPU
		{93E4F8D1-635A-412A-9B36-A27BEDCC77A2}.Debug|iPhone.Build.0 = Debug|Any CPU
		{93E4F8D1-635A-412A-9B36-A27BEDCC77A2}.Debug|iPhone.Deploy.0 = Debug|Any CPU
		{93E4F8D1-635A-412A-9B36-A27BEDCC77A2}.Debug|iPhoneSimulator.ActiveCfg = Debug|Any CPU
		{93E4F8D1-635A-412A-9B36-A27BEDCC77A2}.Debug|iPhoneSimulator.Build.0 = Debug|Any CPU
		{93E4F8D1-635A-412A-9B36-A27BEDCC77A2}.Debug|iPhoneSimulator.Deploy.0 = Debug|Any CPU
		{93E4F8D1-635A-412A-9B36-A27BEDCC77A2}.Release|Any CPU.ActiveCfg = Release|Any CPU
		{93E4F8D1-635A-412A-9B36-A27BEDCC77A2}.Release|Any CPU.Build.0 = Release|Any CPU
		{93E4F8D1-635A-412A-9B36-A27BEDCC77A2}.Release|Any CPU.Deploy.0 = Release|Any CPU
		{93E4F8D1-635A-412A-9B36-A27BEDCC77A2}.Release|iPhone.ActiveCfg = Release|Any CPU
		{93E4F8D1-635A-412A-9B36-A27BEDCC77A2}.Release|iPhone.Build.0 = Release|Any CPU
		{93E4F8D1-635A-412A-9B36-A27BEDCC77A2}.Release|iPhone.Deploy.0 = Release|Any CPU
		{93E4F8D1-635A-412A-9B36-A27BEDCC77A2}.Release|iPhoneSimulator.ActiveCfg = Release|Any CPU
		{93E4F8D1-635A-412A-9B36-A27BEDCC77A2}.Release|iPhoneSimulator.Build.0 = Release|Any CPU
		{93E4F8D1-635A-412A-9B36-A27BEDCC77A2}.Release|iPhoneSimulator.Deploy.0 = Release|Any CPU
	EndGlobalSection
	GlobalSection(SolutionProperties) = preSolution
		HideSolutionNode = FALSE
	EndGlobalSection
	GlobalSection(ExtensibilityGlobals) = postSolution
		SolutionGuid = {CB5E4A74-53D8-44E0-A892-822AFE18C155}
	EndGlobalSection
EndGlobal
